
Microsoft Visual Studio Solution File, Format Version 12.00
# Visual Studio Version 16
VisualStudioVersion = 16.0.30406.217
MinimumVisualStudioVersion = 10.0.40219.1
Project("{8BC9CEB8-8B4A-11D0-8D11-00A0C91BC942}") = "IntroToCpp", "IntroToCpp\IntroToCpp.vcxproj", "{23F40EAF-4737-4447-8B38-AA6236A6AAB4}"
EndProject
Project("{8BC9CEB8-8B4A-11D0-8D11-00A0C91BC942}") = "Arrays", "Arrays\Arrays.vcxproj", "{3717213C-8EE9-41D6-A044-C28C347686BF}"
EndProject
Project("{8BC9CEB8-8B4A-11D0-8D11-00A0C91BC942}") = "Pointers", "Pointers\Pointers.vcxproj", "{5EE22D67-8CF4-4A0E-8CA6-52DC18A8492E}"
EndProject
Project("{8BC9CEB8-8B4A-11D0-8D11-00A0C91BC942}") = "Strings", "Strings\Strings.vcxproj", "{71A71351-B470-497A-A4F7-06458011D1CB}"
EndProject
Project("{8BC9CEB8-8B4A-11D0-8D11-00A0C91BC942}") = "References", "References\References.vcxproj", "{CA342D46-7A5D-4C43-B476-378752DFD57B}"
EndProject
Global
	GlobalSection(SolutionConfigurationPlatforms) = preSolution
		Debug|x64 = Debug|x64
		Debug|x86 = Debug|x86
		Release|x64 = Release|x64
		Release|x86 = Release|x86
	EndGlobalSection
	GlobalSection(ProjectConfigurationPlatforms) = postSolution
		{23F40EAF-4737-4447-8B38-AA6236A6AAB4}.Debug|x64.ActiveCfg = Debug|x64
		{23F40EAF-4737-4447-8B38-AA6236A6AAB4}.Debug|x64.Build.0 = Debug|x64
		{23F40EAF-4737-4447-8B38-AA6236A6AAB4}.Debug|x86.ActiveCfg = Debug|Win32
		{23F40EAF-4737-4447-8B38-AA6236A6AAB4}.Debug|x86.Build.0 = Debug|Win32
		{23F40EAF-4737-4447-8B38-AA6236A6AAB4}.Release|x64.ActiveCfg = Release|x64
		{23F40EAF-4737-4447-8B38-AA6236A6AAB4}.Release|x64.Build.0 = Release|x64
		{23F40EAF-4737-4447-8B38-AA6236A6AAB4}.Release|x86.ActiveCfg = Release|Win32
		{23F40EAF-4737-4447-8B38-AA6236A6AAB4}.Release|x86.Build.0 = Release|Win32
		{3717213C-8EE9-41D6-A044-C28C347686BF}.Debug|x64.ActiveCfg = Debug|x64
		{3717213C-8EE9-41D6-A044-C28C347686BF}.Debug|x64.Build.0 = Debug|x64
		{3717213C-8EE9-41D6-A044-C28C347686BF}.Debug|x86.ActiveCfg = Debug|Win32
		{3717213C-8EE9-41D6-A044-C28C347686BF}.Debug|x86.Build.0 = Debug|Win32
		{3717213C-8EE9-41D6-A044-C28C347686BF}.Release|x64.ActiveCfg = Release|x64
		{3717213C-8EE9-41D6-A044-C28C347686BF}.Release|x64.Build.0 = Release|x64
		{3717213C-8EE9-41D6-A044-C28C347686BF}.Release|x86.ActiveCfg = Release|Win32
		{3717213C-8EE9-41D6-A044-C28C347686BF}.Release|x86.Build.0 = Release|Win32
		{5EE22D67-8CF4-4A0E-8CA6-52DC18A8492E}.Debug|x64.ActiveCfg = Debug|x64
		{5EE22D67-8CF4-4A0E-8CA6-52DC18A8492E}.Debug|x64.Build.0 = Debug|x64
		{5EE22D67-8CF4-4A0E-8CA6-52DC18A8492E}.Debug|x86.ActiveCfg = Debug|Win32
		{5EE22D67-8CF4-4A0E-8CA6-52DC18A8492E}.Debug|x86.Build.0 = Debug|Win32
		{5EE22D67-8CF4-4A0E-8CA6-52DC18A8492E}.Release|x64.ActiveCfg = Release|x64
		{5EE22D67-8CF4-4A0E-8CA6-52DC18A8492E}.Release|x64.Build.0 = Release|x64
		{5EE22D67-8CF4-4A0E-8CA6-52DC18A8492E}.Release|x86.ActiveCfg = Release|Win32
		{5EE22D67-8CF4-4A0E-8CA6-52DC18A8492E}.Release|x86.Build.0 = Release|Win32
		{71A71351-B470-497A-A4F7-06458011D1CB}.Debug|x64.ActiveCfg = Debug|x64
		{71A71351-B470-497A-A4F7-06458011D1CB}.Debug|x64.Build.0 = Debug|x64
		{71A71351-B470-497A-A4F7-06458011D1CB}.Debug|x86.ActiveCfg = Debug|Win32
		{71A71351-B470-497A-A4F7-06458011D1CB}.Debug|x86.Build.0 = Debug|Win32
		{71A71351-B470-497A-A4F7-06458011D1CB}.Release|x64.ActiveCfg = Release|x64
		{71A71351-B470-497A-A4F7-06458011D1CB}.Release|x64.Build.0 = Release|x64
		{71A71351-B470-497A-A4F7-06458011D1CB}.Release|x86.ActiveCfg = Release|Win32
		{71A71351-B470-497A-A4F7-06458011D1CB}.Release|x86.Build.0 = Release|Win32
		{CA342D46-7A5D-4C43-B476-378752DFD57B}.Debug|x64.ActiveCfg = Debug|x64
		{CA342D46-7A5D-4C43-B476-378752DFD57B}.Debug|x64.Build.0 = Debug|x64
		{CA342D46-7A5D-4C43-B476-378752DFD57B}.Debug|x86.ActiveCfg = Debug|Win32
		{CA342D46-7A5D-4C43-B476-378752DFD57B}.Debug|x86.Build.0 = Debug|Win32
		{CA342D46-7A5D-4C43-B476-378752DFD57B}.Release|x64.ActiveCfg = Release|x64
		{CA342D46-7A5D-4C43-B476-378752DFD57B}.Release|x64.Build.0 = Release|x64
		{CA342D46-7A5D-4C43-B476-378752DFD57B}.Release|x86.ActiveCfg = Release|Win32
		{CA342D46-7A5D-4C43-B476-378752DFD57B}.Release|x86.Build.0 = Release|Win32
	EndGlobalSection
	GlobalSection(SolutionProperties) = preSolution
		HideSolutionNode = FALSE
	EndGlobalSection
	GlobalSection(ExtensibilityGlobals) = postSolution
		SolutionGuid = {B240CB74-14EF-45F8-BC57-06D4D2931868}
	EndGlobalSection
EndGlobal
